// !$*UTF8*$!
{
	archiveVersion = 1;
	classes = {
	};
	objectVersion = 46;
	objects = {

/* Begin PBXBuildFile section */
		EEB4A3CB14EC190900F3BCBE /* UIKit.framework in Frameworks */ = {isa = PBXBuildFile; fileRef = EEB4A3CA14EC190900F3BCBE /* UIKit.framework */; };
		EEB4A3CD14EC190900F3BCBE /* Foundation.framework in Frameworks */ = {isa = PBXBuildFile; fileRef = EEB4A3CC14EC190900F3BCBE /* Foundation.framework */; };
		EEB4A3CF14EC190900F3BCBE /* CoreGraphics.framework in Frameworks */ = {isa = PBXBuildFile; fileRef = EEB4A3CE14EC190900F3BCBE /* CoreGraphics.framework */; };
		EEB4A3D514EC190900F3BCBE /* InfoPlist.strings in Resources */ = {isa = PBXBuildFile; fileRef = EEB4A3D314EC190900F3BCBE /* InfoPlist.strings */; };
		EEB4A3D714EC190900F3BCBE /* main.m in Sources */ = {isa = PBXBuildFile; fileRef = EEB4A3D614EC190900F3BCBE /* main.m */; };
		EEB4A3DB14EC190900F3BCBE /* AppDelegate.m in Sources */ = {isa = PBXBuildFile; fileRef = EEB4A3DA14EC190900F3BCBE /* AppDelegate.m */; };
		EEB4A3DE14EC190900F3BCBE /* ViewController.m in Sources */ = {isa = PBXBuildFile; fileRef = EEB4A3DD14EC190900F3BCBE /* ViewController.m */; };
		EEB4A3E114EC190900F3BCBE /* ViewController.xib in Resources */ = {isa = PBXBuildFile; fileRef = EEB4A3DF14EC190900F3BCBE /* ViewController.xib */; };
/* End PBXBuildFile section */

/* Begin PBXFileReference section */
		EEB4A3C614EC190900F3BCBE /* ispark.app */ = {isa = PBXFileReference; explicitFileType = wrapper.application; includeInIndex = 0; path = ispark.app; sourceTree = BUILT_PRODUCTS_DIR; };
		EEB4A3CA14EC190900F3BCBE /* UIKit.framework */ = {isa = PBXFileReference; lastKnownFileType = wrapper.framework; name = UIKit.framework; path = System/Library/Frameworks/UIKit.framework; sourceTree = SDKROOT; };
		EEB4A3CC14EC190900F3BCBE /* Foundation.framework */ = {isa = PBXFileReference; lastKnownFileType = wrapper.framework; name = Foundation.framework; path = System/Library/Frameworks/Foundation.framework; sourceTree = SDKROOT; };
		EEB4A3CE14EC190900F3BCBE /* CoreGraphics.framework */ = {isa = PBXFileReference; lastKnownFileType = wrapper.framework; name = CoreGraphics.framework; path = System/Library/Frameworks/CoreGraphics.framework; sourceTree = SDKROOT; };
		EEB4A3D214EC190900F3BCBE /* ispark-Info.plist */ = {isa = PBXFileReference; path = "ispark-Info.plist"; sourceTree = "<group>"; };
		EEB4A3D414EC190900F3BCBE /* en */ = {isa = PBXFileReference; lastKnownFileType = text.plist.strings; name = en; path = en.lproj/InfoPlist.strings; sourceTree = "<group>"; };
		EEB4A3D614EC190900F3BCBE /* main.m */ = {isa = PBXFileReference; lastKnownFileType = sourcecode.c.objc; path = main.m; sourceTree = "<group>"; };
		EEB4A3D814EC190900F3BCBE /* ispark-Prefix.pch */ = {isa = PBXFileReference; path = "ispark-Prefix.pch"; sourceTree = "<group>"; };
		EEB4A3D914EC190900F3BCBE /* AppDelegate.h */ = {isa = PBXFileReference; path = AppDelegate.h; sourceTree = "<group>"; };
		EEB4A3DA14EC190900F3BCBE /* AppDelegate.m */ = {isa = PBXFileReference; lastKnownFileType = sourcecode.c.objc; path = AppDelegate.m; sourceTree = "<group>"; };
		EEB4A3DC14EC190900F3BCBE /* ViewController.h */ = {isa = PBXFileReference; path = ViewController.h; sourceTree = "<group>"; };
		EEB4A3DD14EC190900F3BCBE /* ViewController.m */ = {isa = PBXFileReference; lastKnownFileType = sourcecode.c.objc; path = ViewController.m; sourceTree = "<group>"; };
		EEB4A3E014EC190900F3BCBE /* en */ = {isa = PBXFileReference; lastKnownFileType = file.xib; name = en; path = en.lproj/ViewController.xib; sourceTree = "<group>"; };
/* End PBXFileReference section */

/* Begin PBXFrameworksBuildPhase section */
		EEB4A3C314EC190800F3BCBE /* Frameworks */ = {
			isa = PBXFrameworksBuildPhase;
			buildActionMask = 2147483647;
			files = (
				EEB4A3CB14EC190900F3BCBE /* UIKit.framework in Frameworks */,
				EEB4A3CD14EC190900F3BCBE /* Foundation.framework in Frameworks */,
				EEB4A3CF14EC190900F3BCBE /* CoreGraphics.framework in Frameworks */,
			);
			runOnlyForDeploymentPostprocessing = 0;
		};
/* End PBXFrameworksBuildPhase section */

/* Begin PBXGroup section */
		EEB4A3BB14EC190800F3BCBE = {
			isa = PBXGroup;
			children = (
				EEB4A3D014EC190900F3BCBE /* ispark */,
				EEB4A3C914EC190900F3BCBE /* Frameworks */,
				EEB4A3C714EC190900F3BCBE /* Products */,
			);
			sourceTree = "<group>";
		};
		EEB4A3C714EC190900F3BCBE /* Products */ = {
			isa = PBXGroup;
			children = (
				EEB4A3C614EC190900F3BCBE /* ispark.app */,
			);
			name = Products;
			sourceTree = "<group>";
		};
		EEB4A3C914EC190900F3BCBE /* Frameworks */ = {
			isa = PBXGroup;
			children = (
				EEB4A3CA14EC190900F3BCBE /* UIKit.framework */,
				EEB4A3CC14EC190900F3BCBE /* Foundation.framework */,
				EEB4A3CE14EC190900F3BCBE /* CoreGraphics.framework */,
			);
			name = Frameworks;
			sourceTree = "<group>";
		};
		EEB4A3D014EC190900F3BCBE /* ispark */ = {
			isa = PBXGroup;
			children = (
				EEB4A3D914EC190900F3BCBE /* AppDelegate.h */,
				EEB4A3DA14EC190900F3BCBE /* AppDelegate.m */,
				EEB4A3DC14EC190900F3BCBE /* ViewController.h */,
				EEB4A3DD14EC190900F3BCBE /* ViewController.m */,
				EEB4A3DF14EC190900F3BCBE /* ViewController.xib */,
				EEB4A3D114EC190900F3BCBE /* Supporting Files */,
			);
			path = ispark;
			sourceTree = "<group>";
		};
		EEB4A3D114EC190900F3BCBE /* Supporting Files */ = {
			isa = PBXGroup;
			children = (
				EEB4A3D214EC190900F3BCBE /* ispark-Info.plist */,
				EEB4A3D314EC190900F3BCBE /* InfoPlist.strings */,
				EEB4A3D614EC190900F3BCBE /* main.m */,
				EEB4A3D814EC190900F3BCBE /* ispark-Prefix.pch */,
			);
			name = "Supporting Files";
			sourceTree = "<group>";
		};
/* End PBXGroup section */

/* Begin PBXNativeTarget section */
		EEB4A3C514EC190800F3BCBE /* ispark */ = {
			isa = PBXNativeTarget;
			buildConfigurationList = EEB4A3E414EC190900F3BCBE /* Build configuration list for PBXNativeTarget "ispark" */;
			buildPhases = (
				EEB4A3C214EC190800F3BCBE /* Sources */,
				EEB4A3C314EC190800F3BCBE /* Frameworks */,
				EEB4A3C414EC190800F3BCBE /* Resources */,
			);
			buildRules = (
			);
			dependencies = (
			);
			name = ispark;
			productName = ispark;
			productReference = EEB4A3C614EC190900F3BCBE /* ispark.app */;
			productType = "com.apple.product-type.application";
		};
/* End PBXNativeTarget section */

/* Begin PBXProject section */
		EEB4A3BD14EC190800F3BCBE /* Project object */ = {
			isa = PBXProject;
			attributes = {
				LastUpgradeCheck = 0420;
				ORGANIZATIONNAME = ECE;
			};
			buildConfigurationList = EEB4A3C014EC190800F3BCBE /* Build configuration list for PBXProject "ispark" */;
			compatibilityVersion = "Xcode 3.2";
			developmentRegion = English;
			hasScannedForEncodings = 0;
			knownRegions = (
				en,
			);
			mainGroup = EEB4A3BB14EC190800F3BCBE;
			productRefGroup = EEB4A3C714EC190900F3BCBE /* Products */;
			projectDirPath = "";
			projectRoot = "";
			targets = (
				EEB4A3C514EC190800F3BCBE /* ispark */,
			);
		};
/* End PBXProject section */

/* Begin PBXResourcesBuildPhase section */
		EEB4A3C414EC190800F3BCBE /* Resources */ = {
			isa = PBXResourcesBuildPhase;
			buildActionMask = 2147483647;
			files = (
				EEB4A3D514EC190900F3BCBE /* InfoPlist.strings in Resources */,
				EEB4A3E114EC190900F3BCBE /* ViewController.xib in Resources */,
			);
			runOnlyForDeploymentPostprocessing = 0;
		};
/* End PBXResourcesBuildPhase section */

/* Begin PBXSourcesBuildPhase section */
		EEB4A3C214EC190800F3BCBE /* Sources */ = {
			isa = PBXSourcesBuildPhase;
			buildActionMask = 2147483647;
			files = (
				EEB4A3D714EC190900F3BCBE /* main.m in Sources */,
				EEB4A3DB14EC190900F3BCBE /* AppDelegate.m in Sources */,
				EEB4A3DE14EC190900F3BCBE /* ViewController.m in Sources */,
			);
			runOnlyForDeploymentPostprocessing = 0;
		};
/* End PBXSourcesBuildPhase section */

/* Begin PBXVariantGroup section */
		EEB4A3D314EC190900F3BCBE /* InfoPlist.strings */ = {
			isa = PBXVariantGroup;
			children = (
				EEB4A3D414EC190900F3BCBE /* en */,
			);
			name = InfoPlist.strings;
			sourceTree = "<group>";
		};
		EEB4A3DF14EC190900F3BCBE /* ViewController.xib */ = {
			isa = PBXVariantGroup;
			children = (
				EEB4A3E014EC190900F3BCBE /* en */,
			);
			name = ViewController.xib;
			sourceTree = "<group>";
		};
/* End PBXVariantGroup section */

/* Begin XCBuildConfiguration section */
		EEB4A3E214EC190900F3BCBE /* Debug */ = {
			isa = XCBuildConfiguration;
			buildSettings = {
				ALWAYS_SEARCH_USER_PATHS = NO;
				ARCHS = "$(ARCHS_STANDARD_32_BIT)";
				"CODE_SIGN_IDENTITY[sdk=iphoneos*]" = "iPhone Developer";
				COPY_PHASE_STRIP = NO;
				GCC_C_LANGUAGE_STANDARD = gnu99;
				GCC_DYNAMIC_NO_PIC = NO;
				GCC_OPTIMIZATION_LEVEL = 0;
				GCC_PREPROCESSOR_DEFINITIONS = (
					"DEBUG=1",
					"$(inherited)",
				);
				GCC_SYMBOLS_PRIVATE_EXTERN = NO;
				GCC_VERSION = com.apple.compilers.llvm.clang.1_0;
				GCC_WARN_ABOUT_MISSING_PROTOTYPES = YES;
				GCC_WARN_ABOUT_RETURN_TYPE = YES;
				GCC_WARN_UNUSED_VARIABLE = YES;
				IPHONEOS_DEPLOYMENT_TARGET = 5.0;
				SDKROOT = iphoneos;
			};
			name = Debug;
		};
		EEB4A3E314EC190900F3BCBE /* Release */ = {
			isa = XCBuildConfiguration;
			buildSettings = {
				ALWAYS_SEARCH_USER_PATHS = NO;
				ARCHS = "$(ARCHS_STANDARD_32_BIT)";
				"CODE_SIGN_IDENTITY[sdk=iphoneos*]" = "iPhone Developer";
				COPY_PHASE_STRIP = YES;
				GCC_C_LANGUAGE_STANDARD = gnu99;
				GCC_VERSION = com.apple.compilers.llvm.clang.1_0;
				GCC_WARN_ABOUT_MISSING_PROTOTYPES = YES;
				GCC_WARN_ABOUT_RETURN_TYPE = YES;
				GCC_WARN_UNUSED_VARIABLE = YES;
				IPHONEOS_DEPLOYMENT_TARGET = 5.0;
				OTHER_CFLAGS = "-DNS_BLOCK_ASSERTIONS=1";
				SDKROOT = iphoneos;
				VALIDATE_PRODUCT = YES;
			};
			name = Release;
		};
		EEB4A3E514EC190900F3BCBE /* Debug */ = {
			isa = XCBuildConfiguration;
			buildSettings = {
				GCC_PRECOMPILE_PREFIX_HEADER = YES;
				GCC_PREFIX_HEADER = "ispark/ispark-Prefix.pch";
				INFOPLIST_FILE = "ispark/ispark-Info.plist";
				PRODUCT_NAME = "$(TARGET_NAME)";
				WRAPPER_EXTENSION = app;
			};
			name = Debug;
		};
		EEB4A3E614EC190900F3BCBE /* Release */ = {
			isa = XCBuildConfiguration;
			buildSettings = {
				GCC_PRECOMPILE_PREFIX_HEADER = YES;
				GCC_PREFIX_HEADER = "ispark/ispark-Prefix.pch";
				INFOPLIST_FILE = "ispark/ispark-Info.plist";
				PRODUCT_NAME = "$(TARGET_NAME)";
				WRAPPER_EXTENSION = app;
			};
			name = Release;
		};
/* End XCBuildConfiguration section */

/* Begin XCConfigurationList section */
		EEB4A3C014EC190800F3BCBE /* Build configuration list for PBXProject "ispark" */ = {
			isa = XCConfigurationList;
			buildConfigurations = (
				EEB4A3E214EC190900F3BCBE /* Debug */,
				EEB4A3E314EC190900F3BCBE /* Release */,
			);
			defaultConfigurationIsVisible = 0;
			defaultConfigurationName = Release;
		};
		EEB4A3E414EC190900F3BCBE /* Build configuration list for PBXNativeTarget "ispark" */ = {
			isa = XCConfigurationList;
			buildConfigurations = (
				EEB4A3E514EC190900F3BCBE /* Debug */,
				EEB4A3E614EC190900F3BCBE /* Release */,
			);
			defaultConfigurationIsVisible = 0;
		};
/* End XCConfigurationList section */
	};
	rootObject = EEB4A3BD14EC190800F3BCBE /* Project object */;
}
