// !$*UTF8*$!
{
	archiveVersion = 1;
	classes = {
	};
	objectVersion = 46;
	objects = {

/* Begin PBXBuildFile section */
		EE3B8B8014EDDB130056B611 /* Liste_Park.m in Sources */ = {isa = PBXBuildFile; fileRef = EE3B8B7E14EDDB130056B611 /* Liste_Park.m */; };
		EE3B8B8114EDDB130056B611 /* Liste_Park.xib in Resources */ = {isa = PBXBuildFile; fileRef = EE3B8B7F14EDDB130056B611 /* Liste_Park.xib */; };
		EE3B8B8514EE42170056B611 /* Liste_Reservation.m in Sources */ = {isa = PBXBuildFile; fileRef = EE3B8B8314EE42170056B611 /* Liste_Reservation.m */; };
		EE3B8B8614EE42170056B611 /* Liste_Reservation.xib in Resources */ = {isa = PBXBuildFile; fileRef = EE3B8B8414EE42170056B611 /* Liste_Reservation.xib */; };
		EE3B8B8914EE422E0056B611 /* _Reservations.m in Sources */ = {isa = PBXBuildFile; fileRef = EE3B8B8814EE422E0056B611 /* _Reservations.m */; };
		EE3B8B8D14EE42AA0056B611 /* Info_Parking.m in Sources */ = {isa = PBXBuildFile; fileRef = EE3B8B8B14EE42AA0056B611 /* Info_Parking.m */; };
		EE3B8B8E14EE42AA0056B611 /* Info_Parking.xib in Resources */ = {isa = PBXBuildFile; fileRef = EE3B8B8C14EE42AA0056B611 /* Info_Parking.xib */; };
		EE3B8B9214EE53390056B611 /* Info_Reservation.m in Sources */ = {isa = PBXBuildFile; fileRef = EE3B8B9014EE53390056B611 /* Info_Reservation.m */; };
		EE3B8B9314EE53390056B611 /* Info_Reservation.xib in Resources */ = {isa = PBXBuildFile; fileRef = EE3B8B9114EE53390056B611 /* Info_Reservation.xib */; };
		EE61768214F502CE00372C72 /* barre_bas.png in Resources */ = {isa = PBXBuildFile; fileRef = EE61765114F502CE00372C72 /* barre_bas.png */; };
		EE61768314F502CE00372C72 /* barre_haut.png in Resources */ = {isa = PBXBuildFile; fileRef = EE61765214F502CE00372C72 /* barre_haut.png */; };
		EE61768414F502CE00372C72 /* fd_progress_bar.png in Resources */ = {isa = PBXBuildFile; fileRef = EE61765314F502CE00372C72 /* fd_progress_bar.png */; };
		EE61768514F502CE00372C72 /* carte_partking.png in Resources */ = {isa = PBXBuildFile; fileRef = EE61765514F502CE00372C72 /* carte_partking.png */; };
		EE61768614F502CE00372C72 /* cellule.png in Resources */ = {isa = PBXBuildFile; fileRef = EE61765614F502CE00372C72 /* cellule.png */; };
		EE61768714F502CE00372C72 /* icone_carte_off.png in Resources */ = {isa = PBXBuildFile; fileRef = EE61765714F502CE00372C72 /* icone_carte_off.png */; };
		EE61768814F502CE00372C72 /* icone_carte_on.png in Resources */ = {isa = PBXBuildFile; fileRef = EE61765814F502CE00372C72 /* icone_carte_on.png */; };
		EE61768914F502CE00372C72 /* icone_compte_off.png in Resources */ = {isa = PBXBuildFile; fileRef = EE61765914F502CE00372C72 /* icone_compte_off.png */; };
		EE61768A14F502CE00372C72 /* icone_compte_on.png in Resources */ = {isa = PBXBuildFile; fileRef = EE61765A14F502CE00372C72 /* icone_compte_on.png */; };
		EE61768B14F502CE00372C72 /* icone_historique_off.png in Resources */ = {isa = PBXBuildFile; fileRef = EE61765B14F502CE00372C72 /* icone_historique_off.png */; };
		EE61768C14F502CE00372C72 /* icone_historique_on.png in Resources */ = {isa = PBXBuildFile; fileRef = EE61765C14F502CE00372C72 /* icone_historique_on.png */; };
		EE61768D14F502CE00372C72 /* icone_parkings_off.png in Resources */ = {isa = PBXBuildFile; fileRef = EE61765D14F502CE00372C72 /* icone_parkings_off.png */; };
		EE61768E14F502CE00372C72 /* icone_parkings_on.png in Resources */ = {isa = PBXBuildFile; fileRef = EE61765E14F502CE00372C72 /* icone_parkings_on.png */; };
		EE61768F14F502CE00372C72 /* liste_parking.png in Resources */ = {isa = PBXBuildFile; fileRef = EE61765F14F502CE00372C72 /* liste_parking.png */; };
		EE61769014F502CE00372C72 /* validation.png in Resources */ = {isa = PBXBuildFile; fileRef = EE61766014F502CE00372C72 /* validation.png */; };
		EE61769114F502CE00372C72 /* Codes Couleur et Polices Utilisées.docx in Resources */ = {isa = PBXBuildFile; fileRef = EE61766114F502CE00372C72 /* Codes Couleur et Polices Utilisées.docx */; };
		EE61769214F502CE00372C72 /* 01-accueil.png in Resources */ = {isa = PBXBuildFile; fileRef = EE61766314F502CE00372C72 /* 01-accueil.png */; };
		EE61769314F502CE00372C72 /* 02-inscription.png in Resources */ = {isa = PBXBuildFile; fileRef = EE61766414F502CE00372C72 /* 02-inscription.png */; };
		EE61769414F502CE00372C72 /* 03-liste_parking.png in Resources */ = {isa = PBXBuildFile; fileRef = EE61766514F502CE00372C72 /* 03-liste_parking.png */; };
		EE61769514F502CE00372C72 /* 04-informations.png in Resources */ = {isa = PBXBuildFile; fileRef = EE61766614F502CE00372C72 /* 04-informations.png */; };
		EE61769614F502CE00372C72 /* 05-Liste_reservation.png in Resources */ = {isa = PBXBuildFile; fileRef = EE61766714F502CE00372C72 /* 05-Liste_reservation.png */; };
		EE61769714F502CE00372C72 /* 06-liste_historique.png in Resources */ = {isa = PBXBuildFile; fileRef = EE61766814F502CE00372C72 /* 06-liste_historique.png */; };
		EE61769814F502CE00372C72 /* 07-resa_ticket.png in Resources */ = {isa = PBXBuildFile; fileRef = EE61766914F502CE00372C72 /* 07-resa_ticket.png */; };
		EE61769914F502CE00372C72 /* icone.psd in Resources */ = {isa = PBXBuildFile; fileRef = EE61766A14F502CE00372C72 /* icone.psd */; };
		EE61769A14F502CE00372C72 /* fond.png in Resources */ = {isa = PBXBuildFile; fileRef = EE61766C14F502CE00372C72 /* fond.png */; };
		EE61769B14F502CE00372C72 /* fond02.png in Resources */ = {isa = PBXBuildFile; fileRef = EE61766D14F502CE00372C72 /* fond02.png */; };
		EE61769C14F502CE00372C72 /* fond_accueil.png in Resources */ = {isa = PBXBuildFile; fileRef = EE61766E14F502CE00372C72 /* fond_accueil.png */; };
		EE61769D14F502CE00372C72 /* fond_supp.png in Resources */ = {isa = PBXBuildFile; fileRef = EE61766F14F502CE00372C72 /* fond_supp.png */; };
		EE61769E14F502CE00372C72 /* icone.png in Resources */ = {isa = PBXBuildFile; fileRef = EE61767014F502CE00372C72 /* icone.png */; };
		EE61769F14F502CE00372C72 /* logo_ispark.png in Resources */ = {isa = PBXBuildFile; fileRef = EE61767114F502CE00372C72 /* logo_ispark.png */; };
		EE6176A014F502CE00372C72 /* 01-accueil.psd in Resources */ = {isa = PBXBuildFile; fileRef = EE61767314F502CE00372C72 /* 01-accueil.psd */; };
		EE6176A114F502CE00372C72 /* 02-inscription.psd in Resources */ = {isa = PBXBuildFile; fileRef = EE61767414F502CE00372C72 /* 02-inscription.psd */; };
		EE6176A214F502CE00372C72 /* 03-liste_parking.psd in Resources */ = {isa = PBXBuildFile; fileRef = EE61767514F502CE00372C72 /* 03-liste_parking.psd */; };
		EE6176A314F502CE00372C72 /* 04-informations.psd in Resources */ = {isa = PBXBuildFile; fileRef = EE61767614F502CE00372C72 /* 04-informations.psd */; };
		EE6176A414F502CE00372C72 /* 05-Liste_reservation.psd in Resources */ = {isa = PBXBuildFile; fileRef = EE61767714F502CE00372C72 /* 05-Liste_reservation.psd */; };
		EE6176A514F502CE00372C72 /* 06-liste_historique.psd in Resources */ = {isa = PBXBuildFile; fileRef = EE61767814F502CE00372C72 /* 06-liste_historique.psd */; };
		EE6176A614F502CE00372C72 /* 07-resa_ticket.psd in Resources */ = {isa = PBXBuildFile; fileRef = EE61767914F502CE00372C72 /* 07-resa_ticket.psd */; };
		EE6176A714F502CE00372C72 /* age.png in Resources */ = {isa = PBXBuildFile; fileRef = EE61767B14F502CE00372C72 /* age.png */; };
		EE6176A814F502CE00372C72 /* email.png in Resources */ = {isa = PBXBuildFile; fileRef = EE61767C14F502CE00372C72 /* email.png */; };
		EE6176A914F502CE00372C72 /* femme.png in Resources */ = {isa = PBXBuildFile; fileRef = EE61767D14F502CE00372C72 /* femme.png */; };
		EE6176AA14F502CE00372C72 /* homme.png in Resources */ = {isa = PBXBuildFile; fileRef = EE61767E14F502CE00372C72 /* homme.png */; };
		EE6176AB14F502CE00372C72 /* nom.png in Resources */ = {isa = PBXBuildFile; fileRef = EE61767F14F502CE00372C72 /* nom.png */; };
		EE6176AC14F502CE00372C72 /* prenom.png in Resources */ = {isa = PBXBuildFile; fileRef = EE61768014F502CE00372C72 /* prenom.png */; };
		EE6176AD14F502CE00372C72 /* Soyez_sur.png in Resources */ = {isa = PBXBuildFile; fileRef = EE61768114F502CE00372C72 /* Soyez_sur.png */; };
		EE6176BA14F508C400372C72 /* AnnotationBonPlan.m in Sources */ = {isa = PBXBuildFile; fileRef = EE6176B714F508C400372C72 /* AnnotationBonPlan.m */; };
		EE6176BC14F509A900372C72 /* CoreLocation.framework in Frameworks */ = {isa = PBXBuildFile; fileRef = EE6176BB14F509A900372C72 /* CoreLocation.framework */; };
		EE6176BE14F509CC00372C72 /* MapKit.framework in Frameworks */ = {isa = PBXBuildFile; fileRef = EE6176BD14F509CB00372C72 /* MapKit.framework */; };
		EE6176C014F50FFC00372C72 /* icone.png in Resources */ = {isa = PBXBuildFile; fileRef = EE6176BF14F50FFC00372C72 /* icone.png */; };
		EEA22EB115252E4F00B1FDA1 /* CellReservation.m in Sources */ = {isa = PBXBuildFile; fileRef = EEA22EB015252E4F00B1FDA1 /* CellReservation.m */; };
		EEA22EB315252E6400B1FDA1 /* CellReservation.xib in Resources */ = {isa = PBXBuildFile; fileRef = EEA22EB215252E6400B1FDA1 /* CellReservation.xib */; };
		EEA22EB915253E9000B1FDA1 /* CellParking.xib in Resources */ = {isa = PBXBuildFile; fileRef = EEA22EB815253E9000B1FDA1 /* CellParking.xib */; };
		EEA22EBC15253EA400B1FDA1 /* CellParking.m in Sources */ = {isa = PBXBuildFile; fileRef = EEA22EBB15253EA300B1FDA1 /* CellParking.m */; };
		EEA9C348151B9F6B0065BD44 /* Espace_Payment.m in Sources */ = {isa = PBXBuildFile; fileRef = EEA9C346151B9F6B0065BD44 /* Espace_Payment.m */; };
		EEA9C349151B9F6B0065BD44 /* Espace_Payment.xib in Resources */ = {isa = PBXBuildFile; fileRef = EEA9C347151B9F6B0065BD44 /* Espace_Payment.xib */; };
		EEB4A3CB14EC190900F3BCBE /* UIKit.framework in Frameworks */ = {isa = PBXBuildFile; fileRef = EEB4A3CA14EC190900F3BCBE /* UIKit.framework */; };
		EEB4A3CD14EC190900F3BCBE /* Foundation.framework in Frameworks */ = {isa = PBXBuildFile; fileRef = EEB4A3CC14EC190900F3BCBE /* Foundation.framework */; };
		EEB4A3CF14EC190900F3BCBE /* CoreGraphics.framework in Frameworks */ = {isa = PBXBuildFile; fileRef = EEB4A3CE14EC190900F3BCBE /* CoreGraphics.framework */; };
		EEB4A3D514EC190900F3BCBE /* InfoPlist.strings in Resources */ = {isa = PBXBuildFile; fileRef = EEB4A3D314EC190900F3BCBE /* InfoPlist.strings */; };
		EEB4A3D714EC190900F3BCBE /* main.m in Sources */ = {isa = PBXBuildFile; fileRef = EEB4A3D614EC190900F3BCBE /* main.m */; };
		EEB4A3DB14EC190900F3BCBE /* AppDelegate.m in Sources */ = {isa = PBXBuildFile; fileRef = EEB4A3DA14EC190900F3BCBE /* AppDelegate.m */; };
		EEC63CF814B45B4D00206BE5 /* _Utillisateur.m in Sources */ = {isa = PBXBuildFile; fileRef = EEC63CF714B45B4D00206BE5 /* _Utillisateur.m */; };
		EEC63CFD14B4647400206BE5 /* Login.m in Sources */ = {isa = PBXBuildFile; fileRef = EEC63CFB14B4647400206BE5 /* Login.m */; };
		EEC63CFE14B4647400206BE5 /* Login.xib in Resources */ = {isa = PBXBuildFile; fileRef = EEC63CFC14B4647400206BE5 /* Login.xib */; };
		EEDAA12F14EDC21C002C2913 /* _Park.m in Sources */ = {isa = PBXBuildFile; fileRef = EEDAA12E14EDC21C002C2913 /* _Park.m */; };
		EEED3A0014FAD08600285605 /* ParkingMap.m in Sources */ = {isa = PBXBuildFile; fileRef = EEED39FE14FAD08600285605 /* ParkingMap.m */; };
		EEED3A0114FAD08600285605 /* ParkingMap.xib in Resources */ = {isa = PBXBuildFile; fileRef = EEED39FF14FAD08600285605 /* ParkingMap.xib */; };
/* End PBXBuildFile section */

/* Begin PBXFileReference section */
		EE3B8B7D14EDDB130056B611 /* Liste_Park.h */ = {isa = PBXFileReference; fileEncoding = 4; lastKnownFileType = sourcecode.c.h; name = Liste_Park.h; path = ../../ispark/ispark/Liste_Park.h; sourceTree = "<group>"; };
		EE3B8B7E14EDDB130056B611 /* Liste_Park.m */ = {isa = PBXFileReference; fileEncoding = 4; lastKnownFileType = sourcecode.c.objc; name = Liste_Park.m; path = ../../ispark/ispark/Liste_Park.m; sourceTree = "<group>"; };
		EE3B8B7F14EDDB130056B611 /* Liste_Park.xib */ = {isa = PBXFileReference; fileEncoding = 4; lastKnownFileType = file.xib; name = Liste_Park.xib; path = ../../ispark/ispark/Liste_Park.xib; sourceTree = "<group>"; };
		EE3B8B8214EE42170056B611 /* Liste_Reservation.h */ = {isa = PBXFileReference; fileEncoding = 4; lastKnownFileType = sourcecode.c.h; name = Liste_Reservation.h; path = ../../ispark/ispark/Liste_Reservation.h; sourceTree = "<group>"; };
		EE3B8B8314EE42170056B611 /* Liste_Reservation.m */ = {isa = PBXFileReference; fileEncoding = 4; lastKnownFileType = sourcecode.c.objc; name = Liste_Reservation.m; path = ../../ispark/ispark/Liste_Reservation.m; sourceTree = "<group>"; };
		EE3B8B8414EE42170056B611 /* Liste_Reservation.xib */ = {isa = PBXFileReference; fileEncoding = 4; lastKnownFileType = file.xib; name = Liste_Reservation.xib; path = ../../ispark/ispark/Liste_Reservation.xib; sourceTree = "<group>"; };
		EE3B8B8714EE422D0056B611 /* _Reservations.h */ = {isa = PBXFileReference; fileEncoding = 4; lastKnownFileType = sourcecode.c.h; name = _Reservations.h; path = ../../ispark/ispark/_Reservations.h; sourceTree = "<group>"; };
		EE3B8B8814EE422E0056B611 /* _Reservations.m */ = {isa = PBXFileReference; fileEncoding = 4; lastKnownFileType = sourcecode.c.objc; name = _Reservations.m; path = ../../ispark/ispark/_Reservations.m; sourceTree = "<group>"; };
		EE3B8B8A14EE42AA0056B611 /* Info_Parking.h */ = {isa = PBXFileReference; fileEncoding = 4; lastKnownFileType = sourcecode.c.h; name = Info_Parking.h; path = ../../ispark/ispark/Info_Parking.h; sourceTree = "<group>"; };
		EE3B8B8B14EE42AA0056B611 /* Info_Parking.m */ = {isa = PBXFileReference; fileEncoding = 4; lastKnownFileType = sourcecode.c.objc; name = Info_Parking.m; path = ../../ispark/ispark/Info_Parking.m; sourceTree = "<group>"; };
		EE3B8B8C14EE42AA0056B611 /* Info_Parking.xib */ = {isa = PBXFileReference; fileEncoding = 4; lastKnownFileType = file.xib; name = Info_Parking.xib; path = ../../ispark/ispark/Info_Parking.xib; sourceTree = "<group>"; };
		EE3B8B8F14EE53390056B611 /* Info_Reservation.h */ = {isa = PBXFileReference; fileEncoding = 4; lastKnownFileType = sourcecode.c.h; name = Info_Reservation.h; path = ../../ispark/ispark/Info_Reservation.h; sourceTree = "<group>"; };
		EE3B8B9014EE53390056B611 /* Info_Reservation.m */ = {isa = PBXFileReference; fileEncoding = 4; lastKnownFileType = sourcecode.c.objc; name = Info_Reservation.m; path = ../../ispark/ispark/Info_Reservation.m; sourceTree = "<group>"; };
		EE3B8B9114EE53390056B611 /* Info_Reservation.xib */ = {isa = PBXFileReference; fileEncoding = 4; lastKnownFileType = file.xib; name = Info_Reservation.xib; path = ../../ispark/ispark/Info_Reservation.xib; sourceTree = "<group>"; };
		EE61765114F502CE00372C72 /* barre_bas.png */ = {isa = PBXFileReference; lastKnownFileType = image.png; path = barre_bas.png; sourceTree = "<group>"; };
		EE61765214F502CE00372C72 /* barre_haut.png */ = {isa = PBXFileReference; lastKnownFileType = image.png; path = barre_haut.png; sourceTree = "<group>"; };
		EE61765314F502CE00372C72 /* fd_progress_bar.png */ = {isa = PBXFileReference; lastKnownFileType = image.png; path = fd_progress_bar.png; sourceTree = "<group>"; };
		EE61765514F502CE00372C72 /* carte_partking.png */ = {isa = PBXFileReference; lastKnownFileType = image.png; path = carte_partking.png; sourceTree = "<group>"; };
		EE61765614F502CE00372C72 /* cellule.png */ = {isa = PBXFileReference; lastKnownFileType = image.png; path = cellule.png; sourceTree = "<group>"; };
		EE61765714F502CE00372C72 /* icone_carte_off.png */ = {isa = PBXFileReference; lastKnownFileType = image.png; path = icone_carte_off.png; sourceTree = "<group>"; };
		EE61765814F502CE00372C72 /* icone_carte_on.png */ = {isa = PBXFileReference; lastKnownFileType = image.png; path = icone_carte_on.png; sourceTree = "<group>"; };
		EE61765914F502CE00372C72 /* icone_compte_off.png */ = {isa = PBXFileReference; lastKnownFileType = image.png; path = icone_compte_off.png; sourceTree = "<group>"; };
		EE61765A14F502CE00372C72 /* icone_compte_on.png */ = {isa = PBXFileReference; lastKnownFileType = image.png; path = icone_compte_on.png; sourceTree = "<group>"; };
		EE61765B14F502CE00372C72 /* icone_historique_off.png */ = {isa = PBXFileReference; lastKnownFileType = image.png; path = icone_historique_off.png; sourceTree = "<group>"; };
		EE61765C14F502CE00372C72 /* icone_historique_on.png */ = {isa = PBXFileReference; lastKnownFileType = image.png; path = icone_historique_on.png; sourceTree = "<group>"; };
		EE61765D14F502CE00372C72 /* icone_parkings_off.png */ = {isa = PBXFileReference; lastKnownFileType = image.png; path = icone_parkings_off.png; sourceTree = "<group>"; };
		EE61765E14F502CE00372C72 /* icone_parkings_on.png */ = {isa = PBXFileReference; lastKnownFileType = image.png; path = icone_parkings_on.png; sourceTree = "<group>"; };
		EE61765F14F502CE00372C72 /* liste_parking.png */ = {isa = PBXFileReference; lastKnownFileType = image.png; path = liste_parking.png; sourceTree = "<group>"; };
		EE61766014F502CE00372C72 /* validation.png */ = {isa = PBXFileReference; lastKnownFileType = image.png; path = validation.png; sourceTree = "<group>"; };
		EE61766114F502CE00372C72 /* Codes Couleur et Polices Utilisées.docx */ = {isa = PBXFileReference; lastKnownFileType = file; path = "Codes Couleur et Polices Utilisées.docx"; sourceTree = "<group>"; };
		EE61766314F502CE00372C72 /* 01-accueil.png */ = {isa = PBXFileReference; lastKnownFileType = image.png; path = "01-accueil.png"; sourceTree = "<group>"; };
		EE61766414F502CE00372C72 /* 02-inscription.png */ = {isa = PBXFileReference; lastKnownFileType = image.png; path = "02-inscription.png"; sourceTree = "<group>"; };
		EE61766514F502CE00372C72 /* 03-liste_parking.png */ = {isa = PBXFileReference; lastKnownFileType = image.png; path = "03-liste_parking.png"; sourceTree = "<group>"; };
		EE61766614F502CE00372C72 /* 04-informations.png */ = {isa = PBXFileReference; lastKnownFileType = image.png; path = "04-informations.png"; sourceTree = "<group>"; };
		EE61766714F502CE00372C72 /* 05-Liste_reservation.png */ = {isa = PBXFileReference; lastKnownFileType = image.png; path = "05-Liste_reservation.png"; sourceTree = "<group>"; };
		EE61766814F502CE00372C72 /* 06-liste_historique.png */ = {isa = PBXFileReference; lastKnownFileType = image.png; path = "06-liste_historique.png"; sourceTree = "<group>"; };
		EE61766914F502CE00372C72 /* 07-resa_ticket.png */ = {isa = PBXFileReference; lastKnownFileType = image.png; path = "07-resa_ticket.png"; sourceTree = "<group>"; };
		EE61766A14F502CE00372C72 /* icone.psd */ = {isa = PBXFileReference; lastKnownFileType = file; path = icone.psd; sourceTree = "<group>"; };
		EE61766C14F502CE00372C72 /* fond.png */ = {isa = PBXFileReference; lastKnownFileType = image.png; path = fond.png; sourceTree = "<group>"; };
		EE61766D14F502CE00372C72 /* fond02.png */ = {isa = PBXFileReference; lastKnownFileType = image.png; path = fond02.png; sourceTree = "<group>"; };
		EE61766E14F502CE00372C72 /* fond_accueil.png */ = {isa = PBXFileReference; lastKnownFileType = image.png; path = fond_accueil.png; sourceTree = "<group>"; };
		EE61766F14F502CE00372C72 /* fond_supp.png */ = {isa = PBXFileReference; lastKnownFileType = image.png; path = fond_supp.png; sourceTree = "<group>"; };
		EE61767014F502CE00372C72 /* icone.png */ = {isa = PBXFileReference; lastKnownFileType = image.png; path = icone.png; sourceTree = "<group>"; };
		EE61767114F502CE00372C72 /* logo_ispark.png */ = {isa = PBXFileReference; lastKnownFileType = image.png; path = logo_ispark.png; sourceTree = "<group>"; };
		EE61767314F502CE00372C72 /* 01-accueil.psd */ = {isa = PBXFileReference; lastKnownFileType = file; path = "01-accueil.psd"; sourceTree = "<group>"; };
		EE61767414F502CE00372C72 /* 02-inscription.psd */ = {isa = PBXFileReference; lastKnownFileType = file; path = "02-inscription.psd"; sourceTree = "<group>"; };
		EE61767514F502CE00372C72 /* 03-liste_parking.psd */ = {isa = PBXFileReference; lastKnownFileType = file; path = "03-liste_parking.psd"; sourceTree = "<group>"; };
		EE61767614F502CE00372C72 /* 04-informations.psd */ = {isa = PBXFileReference; lastKnownFileType = file; path = "04-informations.psd"; sourceTree = "<group>"; };
		EE61767714F502CE00372C72 /* 05-Liste_reservation.psd */ = {isa = PBXFileReference; lastKnownFileType = file; path = "05-Liste_reservation.psd"; sourceTree = "<group>"; };
		EE61767814F502CE00372C72 /* 06-liste_historique.psd */ = {isa = PBXFileReference; lastKnownFileType = file; path = "06-liste_historique.psd"; sourceTree = "<group>"; };
		EE61767914F502CE00372C72 /* 07-resa_ticket.psd */ = {isa = PBXFileReference; lastKnownFileType = file; path = "07-resa_ticket.psd"; sourceTree = "<group>"; };
		EE61767B14F502CE00372C72 /* age.png */ = {isa = PBXFileReference; lastKnownFileType = image.png; path = age.png; sourceTree = "<group>"; };
		EE61767C14F502CE00372C72 /* email.png */ = {isa = PBXFileReference; lastKnownFileType = image.png; path = email.png; sourceTree = "<group>"; };
		EE61767D14F502CE00372C72 /* femme.png */ = {isa = PBXFileReference; lastKnownFileType = image.png; path = femme.png; sourceTree = "<group>"; };
		EE61767E14F502CE00372C72 /* homme.png */ = {isa = PBXFileReference; lastKnownFileType = image.png; path = homme.png; sourceTree = "<group>"; };
		EE61767F14F502CE00372C72 /* nom.png */ = {isa = PBXFileReference; lastKnownFileType = image.png; path = nom.png; sourceTree = "<group>"; };
		EE61768014F502CE00372C72 /* prenom.png */ = {isa = PBXFileReference; lastKnownFileType = image.png; path = prenom.png; sourceTree = "<group>"; };
		EE61768114F502CE00372C72 /* Soyez_sur.png */ = {isa = PBXFileReference; lastKnownFileType = image.png; path = Soyez_sur.png; sourceTree = "<group>"; };
		EE6176B614F508C400372C72 /* AnnotationBonPlan.h */ = {isa = PBXFileReference; fileEncoding = 4; lastKnownFileType = sourcecode.c.h; name = AnnotationBonPlan.h; path = ../../../../Assos_ECE/Assos_ECE/AnnotationBonPlan.h; sourceTree = "<group>"; };
		EE6176B714F508C400372C72 /* AnnotationBonPlan.m */ = {isa = PBXFileReference; fileEncoding = 4; lastKnownFileType = sourcecode.c.objc; name = AnnotationBonPlan.m; path = ../../../../Assos_ECE/Assos_ECE/AnnotationBonPlan.m; sourceTree = "<group>"; };
		EE6176BB14F509A900372C72 /* CoreLocation.framework */ = {isa = PBXFileReference; lastKnownFileType = wrapper.framework; name = CoreLocation.framework; path = System/Library/Frameworks/CoreLocation.framework; sourceTree = SDKROOT; };
		EE6176BD14F509CB00372C72 /* MapKit.framework */ = {isa = PBXFileReference; lastKnownFileType = wrapper.framework; name = MapKit.framework; path = System/Library/Frameworks/MapKit.framework; sourceTree = SDKROOT; };
		EE6176BF14F50FFC00372C72 /* icone.png */ = {isa = PBXFileReference; lastKnownFileType = image.png; name = icone.png; path = ../../Kit_ISPARK/icone.png; sourceTree = "<group>"; };
		EEA22EAF15252E4F00B1FDA1 /* CellReservation.h */ = {isa = PBXFileReference; fileEncoding = 4; lastKnownFileType = sourcecode.c.h; name = CellReservation.h; path = ../../ispark/ispark/CellReservation.h; sourceTree = "<group>"; };
		EEA22EB015252E4F00B1FDA1 /* CellReservation.m */ = {isa = PBXFileReference; fileEncoding = 4; lastKnownFileType = sourcecode.c.objc; name = CellReservation.m; path = ../../ispark/ispark/CellReservation.m; sourceTree = "<group>"; };
		EEA22EB215252E6400B1FDA1 /* CellReservation.xib */ = {isa = PBXFileReference; fileEncoding = 4; lastKnownFileType = file.xib; name = CellReservation.xib; path = ../../ispark/ispark/CellReservation.xib; sourceTree = "<group>"; };
		EEA22EB815253E9000B1FDA1 /* CellParking.xib */ = {isa = PBXFileReference; fileEncoding = 4; lastKnownFileType = file.xib; name = CellParking.xib; path = ../../ispark/ispark/CellParking.xib; sourceTree = "<group>"; };
		EEA22EBA15253EA300B1FDA1 /* CellParking.h */ = {isa = PBXFileReference; fileEncoding = 4; lastKnownFileType = sourcecode.c.h; name = CellParking.h; path = ../../ispark/ispark/CellParking.h; sourceTree = "<group>"; };
		EEA22EBB15253EA300B1FDA1 /* CellParking.m */ = {isa = PBXFileReference; fileEncoding = 4; lastKnownFileType = sourcecode.c.objc; name = CellParking.m; path = ../../ispark/ispark/CellParking.m; sourceTree = "<group>"; };
		EEA9C345151B9F6B0065BD44 /* Espace_Payment.h */ = {isa = PBXFileReference; fileEncoding = 4; lastKnownFileType = sourcecode.c.h; name = Espace_Payment.h; path = ../../ispark/ispark/Espace_Payment.h; sourceTree = "<group>"; };
		EEA9C346151B9F6B0065BD44 /* Espace_Payment.m */ = {isa = PBXFileReference; fileEncoding = 4; lastKnownFileType = sourcecode.c.objc; name = Espace_Payment.m; path = ../../ispark/ispark/Espace_Payment.m; sourceTree = "<group>"; };
		EEA9C347151B9F6B0065BD44 /* Espace_Payment.xib */ = {isa = PBXFileReference; fileEncoding = 4; lastKnownFileType = file.xib; name = Espace_Payment.xib; path = ../../ispark/ispark/Espace_Payment.xib; sourceTree = "<group>"; };
		EEB4A3C614EC190900F3BCBE /* ispark.app */ = {isa = PBXFileReference; explicitFileType = wrapper.application; includeInIndex = 0; path = ispark.app; sourceTree = BUILT_PRODUCTS_DIR; };
		EEB4A3CA14EC190900F3BCBE /* UIKit.framework */ = {isa = PBXFileReference; lastKnownFileType = wrapper.framework; name = UIKit.framework; path = System/Library/Frameworks/UIKit.framework; sourceTree = SDKROOT; };
		EEB4A3CC14EC190900F3BCBE /* Foundation.framework */ = {isa = PBXFileReference; lastKnownFileType = wrapper.framework; name = Foundation.framework; path = System/Library/Frameworks/Foundation.framework; sourceTree = SDKROOT; };
		EEB4A3CE14EC190900F3BCBE /* CoreGraphics.framework */ = {isa = PBXFileReference; lastKnownFileType = wrapper.framework; name = CoreGraphics.framework; path = System/Library/Frameworks/CoreGraphics.framework; sourceTree = SDKROOT; };
		EEB4A3D214EC190900F3BCBE /* ispark-Info.plist */ = {isa = PBXFileReference; lastKnownFileType = text.plist.xml; path = "ispark-Info.plist"; sourceTree = "<group>"; };
		EEB4A3D414EC190900F3BCBE /* en */ = {isa = PBXFileReference; lastKnownFileType = text.plist.strings; name = en; path = en.lproj/InfoPlist.strings; sourceTree = "<group>"; };
		EEB4A3D614EC190900F3BCBE /* main.m */ = {isa = PBXFileReference; lastKnownFileType = sourcecode.c.objc; path = main.m; sourceTree = "<group>"; };
		EEB4A3D814EC190900F3BCBE /* ispark-Prefix.pch */ = {isa = PBXFileReference; lastKnownFileType = sourcecode.c.h; path = "ispark-Prefix.pch"; sourceTree = "<group>"; };
		EEB4A3D914EC190900F3BCBE /* AppDelegate.h */ = {isa = PBXFileReference; lastKnownFileType = sourcecode.c.h; path = AppDelegate.h; sourceTree = "<group>"; };
		EEB4A3DA14EC190900F3BCBE /* AppDelegate.m */ = {isa = PBXFileReference; lastKnownFileType = sourcecode.c.objc; path = AppDelegate.m; sourceTree = "<group>"; };
		EEC63CF614B45B4D00206BE5 /* _Utillisateur.h */ = {isa = PBXFileReference; fileEncoding = 4; lastKnownFileType = sourcecode.c.h; path = _Utillisateur.h; sourceTree = "<group>"; };
		EEC63CF714B45B4D00206BE5 /* _Utillisateur.m */ = {isa = PBXFileReference; fileEncoding = 4; lastKnownFileType = sourcecode.c.objc; path = _Utillisateur.m; sourceTree = "<group>"; };
		EEC63CFA14B4647400206BE5 /* Login.h */ = {isa = PBXFileReference; fileEncoding = 4; lastKnownFileType = sourcecode.c.h; path = Login.h; sourceTree = "<group>"; };
		EEC63CFB14B4647400206BE5 /* Login.m */ = {isa = PBXFileReference; fileEncoding = 4; lastKnownFileType = sourcecode.c.objc; path = Login.m; sourceTree = "<group>"; };
		EEC63CFC14B4647400206BE5 /* Login.xib */ = {isa = PBXFileReference; fileEncoding = 4; lastKnownFileType = file.xib; path = Login.xib; sourceTree = "<group>"; };
		EEDAA12D14EDC21C002C2913 /* _Park.h */ = {isa = PBXFileReference; fileEncoding = 4; lastKnownFileType = sourcecode.c.h; name = _Park.h; path = ../../ispark/ispark/_Park.h; sourceTree = "<group>"; };
		EEDAA12E14EDC21C002C2913 /* _Park.m */ = {isa = PBXFileReference; fileEncoding = 4; lastKnownFileType = sourcecode.c.objc; name = _Park.m; path = ../../ispark/ispark/_Park.m; sourceTree = "<group>"; };
		EEED39FD14FAD08600285605 /* ParkingMap.h */ = {isa = PBXFileReference; fileEncoding = 4; lastKnownFileType = sourcecode.c.h; name = ParkingMap.h; path = ../../ispark/ispark/ParkingMap.h; sourceTree = "<group>"; };
		EEED39FE14FAD08600285605 /* ParkingMap.m */ = {isa = PBXFileReference; fileEncoding = 4; lastKnownFileType = sourcecode.c.objc; name = ParkingMap.m; path = ../../ispark/ispark/ParkingMap.m; sourceTree = "<group>"; };
		EEED39FF14FAD08600285605 /* ParkingMap.xib */ = {isa = PBXFileReference; fileEncoding = 4; lastKnownFileType = file.xib; name = ParkingMap.xib; path = ../../ispark/ispark/ParkingMap.xib; sourceTree = "<group>"; };
/* End PBXFileReference section */

/* Begin PBXFrameworksBuildPhase section */
		EEB4A3C314EC190800F3BCBE /* Frameworks */ = {
			isa = PBXFrameworksBuildPhase;
			buildActionMask = 2147483647;
			files = (
				EE6176BE14F509CC00372C72 /* MapKit.framework in Frameworks */,
				EE6176BC14F509A900372C72 /* CoreLocation.framework in Frameworks */,
				EEB4A3CB14EC190900F3BCBE /* UIKit.framework in Frameworks */,
				EEB4A3CD14EC190900F3BCBE /* Foundation.framework in Frameworks */,
				EEB4A3CF14EC190900F3BCBE /* CoreGraphics.framework in Frameworks */,
			);
			runOnlyForDeploymentPostprocessing = 0;
		};
/* End PBXFrameworksBuildPhase section */

/* Begin PBXGroup section */
		EE35D31C14F4D91600B4C4A8 /* Parkings */ = {
			isa = PBXGroup;
			children = (
				EE3B8B8A14EE42AA0056B611 /* Info_Parking.h */,
				EE3B8B8B14EE42AA0056B611 /* Info_Parking.m */,
				EE3B8B8C14EE42AA0056B611 /* Info_Parking.xib */,
				EE3B8B7D14EDDB130056B611 /* Liste_Park.h */,
				EE3B8B7E14EDDB130056B611 /* Liste_Park.m */,
				EE3B8B7F14EDDB130056B611 /* Liste_Park.xib */,
				EEA9C345151B9F6B0065BD44 /* Espace_Payment.h */,
				EEA9C346151B9F6B0065BD44 /* Espace_Payment.m */,
				EEA9C347151B9F6B0065BD44 /* Espace_Payment.xib */,
				EEA22EB815253E9000B1FDA1 /* CellParking.xib */,
				EEA22EBA15253EA300B1FDA1 /* CellParking.h */,
				EEA22EBB15253EA300B1FDA1 /* CellParking.m */,
			);
			name = Parkings;
			sourceTree = "<group>";
		};
		EE35D31E14F4D92A00B4C4A8 /* Reservation */ = {
			isa = PBXGroup;
			children = (
				EE3B8B8214EE42170056B611 /* Liste_Reservation.h */,
				EE3B8B8314EE42170056B611 /* Liste_Reservation.m */,
				EE3B8B8414EE42170056B611 /* Liste_Reservation.xib */,
				EE3B8B8F14EE53390056B611 /* Info_Reservation.h */,
				EE3B8B9014EE53390056B611 /* Info_Reservation.m */,
				EE3B8B9114EE53390056B611 /* Info_Reservation.xib */,
				EEA22EAF15252E4F00B1FDA1 /* CellReservation.h */,
				EEA22EB015252E4F00B1FDA1 /* CellReservation.m */,
				EEA22EB215252E6400B1FDA1 /* CellReservation.xib */,
			);
			name = Reservation;
			sourceTree = "<group>";
		};
		EE3B8B7C14EDDAF40056B611 /* View */ = {
			isa = PBXGroup;
			children = (
				EEED3A0D14FAD9AB00285605 /* Login */,
				EE6176AE14F5089100372C72 /* Carte */,
				EE35D31E14F4D92A00B4C4A8 /* Reservation */,
				EE35D31C14F4D91600B4C4A8 /* Parkings */,
			);
			name = View;
			sourceTree = "<group>";
		};
		EE5C835014EDA5E60057A5CE /* Model */ = {
			isa = PBXGroup;
			children = (
				EEDAA12D14EDC21C002C2913 /* _Park.h */,
				EEDAA12E14EDC21C002C2913 /* _Park.m */,
				EE3B8B8714EE422D0056B611 /* _Reservations.h */,
				EE3B8B8814EE422E0056B611 /* _Reservations.m */,
				EEC63CF614B45B4D00206BE5 /* _Utillisateur.h */,
				EEC63CF714B45B4D00206BE5 /* _Utillisateur.m */,
			);
			name = Model;
			sourceTree = "<group>";
		};
		EE61764F14F502CE00372C72 /* Kit_ISPARK */ = {
			isa = PBXGroup;
			children = (
				EE61765014F502CE00372C72 /* barre */,
				EE61765414F502CE00372C72 /* bouton */,
				EE61766114F502CE00372C72 /* Codes Couleur et Polices Utilisées.docx */,
				EE61766214F502CE00372C72 /* Ecran */,
				EE61766B14F502CE00372C72 /* Fond */,
				EE61767014F502CE00372C72 /* icone.png */,
				EE61767114F502CE00372C72 /* logo_ispark.png */,
				EE61767214F502CE00372C72 /* PSD */,
				EE61767A14F502CE00372C72 /* Titre */,
			);
			name = Kit_ISPARK;
			path = ../Kit_ISPARK;
			sourceTree = "<group>";
		};
		EE61765014F502CE00372C72 /* barre */ = {
			isa = PBXGroup;
			children = (
				EE61765114F502CE00372C72 /* barre_bas.png */,
				EE61765214F502CE00372C72 /* barre_haut.png */,
				EE61765314F502CE00372C72 /* fd_progress_bar.png */,
			);
			path = barre;
			sourceTree = "<group>";
		};
		EE61765414F502CE00372C72 /* bouton */ = {
			isa = PBXGroup;
			children = (
				EE61765514F502CE00372C72 /* carte_partking.png */,
				EE61765614F502CE00372C72 /* cellule.png */,
				EE61765714F502CE00372C72 /* icone_carte_off.png */,
				EE61765814F502CE00372C72 /* icone_carte_on.png */,
				EE61765914F502CE00372C72 /* icone_compte_off.png */,
				EE61765A14F502CE00372C72 /* icone_compte_on.png */,
				EE61765B14F502CE00372C72 /* icone_historique_off.png */,
				EE61765C14F502CE00372C72 /* icone_historique_on.png */,
				EE61765D14F502CE00372C72 /* icone_parkings_off.png */,
				EE61765E14F502CE00372C72 /* icone_parkings_on.png */,
				EE61765F14F502CE00372C72 /* liste_parking.png */,
				EE61766014F502CE00372C72 /* validation.png */,
			);
			path = bouton;
			sourceTree = "<group>";
		};
		EE61766214F502CE00372C72 /* Ecran */ = {
			isa = PBXGroup;
			children = (
				EE61766314F502CE00372C72 /* 01-accueil.png */,
				EE61766414F502CE00372C72 /* 02-inscription.png */,
				EE61766514F502CE00372C72 /* 03-liste_parking.png */,
				EE61766614F502CE00372C72 /* 04-informations.png */,
				EE61766714F502CE00372C72 /* 05-Liste_reservation.png */,
				EE61766814F502CE00372C72 /* 06-liste_historique.png */,
				EE61766914F502CE00372C72 /* 07-resa_ticket.png */,
				EE61766A14F502CE00372C72 /* icone.psd */,
			);
			path = Ecran;
			sourceTree = "<group>";
		};
		EE61766B14F502CE00372C72 /* Fond */ = {
			isa = PBXGroup;
			children = (
				EE61766C14F502CE00372C72 /* fond.png */,
				EE61766D14F502CE00372C72 /* fond02.png */,
				EE61766E14F502CE00372C72 /* fond_accueil.png */,
				EE61766F14F502CE00372C72 /* fond_supp.png */,
			);
			path = Fond;
			sourceTree = "<group>";
		};
		EE61767214F502CE00372C72 /* PSD */ = {
			isa = PBXGroup;
			children = (
				EE61767314F502CE00372C72 /* 01-accueil.psd */,
				EE61767414F502CE00372C72 /* 02-inscription.psd */,
				EE61767514F502CE00372C72 /* 03-liste_parking.psd */,
				EE61767614F502CE00372C72 /* 04-informations.psd */,
				EE61767714F502CE00372C72 /* 05-Liste_reservation.psd */,
				EE61767814F502CE00372C72 /* 06-liste_historique.psd */,
				EE61767914F502CE00372C72 /* 07-resa_ticket.psd */,
			);
			path = PSD;
			sourceTree = "<group>";
		};
		EE61767A14F502CE00372C72 /* Titre */ = {
			isa = PBXGroup;
			children = (
				EE61767B14F502CE00372C72 /* age.png */,
				EE61767C14F502CE00372C72 /* email.png */,
				EE61767D14F502CE00372C72 /* femme.png */,
				EE61767E14F502CE00372C72 /* homme.png */,
				EE61767F14F502CE00372C72 /* nom.png */,
				EE61768014F502CE00372C72 /* prenom.png */,
				EE61768114F502CE00372C72 /* Soyez_sur.png */,
			);
			path = Titre;
			sourceTree = "<group>";
		};
		EE6176AE14F5089100372C72 /* Carte */ = {
			isa = PBXGroup;
			children = (
				EE6176BF14F50FFC00372C72 /* icone.png */,
				EE6176B614F508C400372C72 /* AnnotationBonPlan.h */,
				EE6176B714F508C400372C72 /* AnnotationBonPlan.m */,
				EEED39FD14FAD08600285605 /* ParkingMap.h */,
				EEED39FE14FAD08600285605 /* ParkingMap.m */,
				EEED39FF14FAD08600285605 /* ParkingMap.xib */,
			);
			name = Carte;
			sourceTree = "<group>";
		};
		EEB4A3BB14EC190800F3BCBE = {
			isa = PBXGroup;
			children = (
				EE61764F14F502CE00372C72 /* Kit_ISPARK */,
				EEB4A3D014EC190900F3BCBE /* ispark */,
				EEB4A3C914EC190900F3BCBE /* Frameworks */,
				EEB4A3C714EC190900F3BCBE /* Products */,
			);
			sourceTree = "<group>";
		};
		EEB4A3C714EC190900F3BCBE /* Products */ = {
			isa = PBXGroup;
			children = (
				EEB4A3C614EC190900F3BCBE /* ispark.app */,
			);
			name = Products;
			sourceTree = "<group>";
		};
		EEB4A3C914EC190900F3BCBE /* Frameworks */ = {
			isa = PBXGroup;
			children = (
				EE6176BD14F509CB00372C72 /* MapKit.framework */,
				EE6176BB14F509A900372C72 /* CoreLocation.framework */,
				EEB4A3CA14EC190900F3BCBE /* UIKit.framework */,
				EEB4A3CC14EC190900F3BCBE /* Foundation.framework */,
				EEB4A3CE14EC190900F3BCBE /* CoreGraphics.framework */,
			);
			name = Frameworks;
			sourceTree = "<group>";
		};
		EEB4A3D014EC190900F3BCBE /* ispark */ = {
			isa = PBXGroup;
			children = (
				EE3B8B7C14EDDAF40056B611 /* View */,
				EE5C835014EDA5E60057A5CE /* Model */,
				EEB4A3D914EC190900F3BCBE /* AppDelegate.h */,
				EEB4A3DA14EC190900F3BCBE /* AppDelegate.m */,
				EEB4A3D114EC190900F3BCBE /* Supporting Files */,
			);
			path = ispark;
			sourceTree = "<group>";
		};
		EEB4A3D114EC190900F3BCBE /* Supporting Files */ = {
			isa = PBXGroup;
			children = (
				EEB4A3D214EC190900F3BCBE /* ispark-Info.plist */,
				EEB4A3D314EC190900F3BCBE /* InfoPlist.strings */,
				EEB4A3D614EC190900F3BCBE /* main.m */,
				EEB4A3D814EC190900F3BCBE /* ispark-Prefix.pch */,
			);
			name = "Supporting Files";
			sourceTree = "<group>";
		};
		EEED3A0D14FAD9AB00285605 /* Login */ = {
			isa = PBXGroup;
			children = (
				EEC63CFA14B4647400206BE5 /* Login.h */,
				EEC63CFB14B4647400206BE5 /* Login.m */,
				EEC63CFC14B4647400206BE5 /* Login.xib */,
			);
			name = Login;
			sourceTree = "<group>";
		};
/* End PBXGroup section */

/* Begin PBXNativeTarget section */
		EEB4A3C514EC190800F3BCBE /* ispark */ = {
			isa = PBXNativeTarget;
			buildConfigurationList = EEB4A3E414EC190900F3BCBE /* Build configuration list for PBXNativeTarget "ispark" */;
			buildPhases = (
				EEB4A3C214EC190800F3BCBE /* Sources */,
				EEB4A3C314EC190800F3BCBE /* Frameworks */,
				EEB4A3C414EC190800F3BCBE /* Resources */,
			);
			buildRules = (
			);
			dependencies = (
			);
			name = ispark;
			productName = ispark;
			productReference = EEB4A3C614EC190900F3BCBE /* ispark.app */;
			productType = "com.apple.product-type.application";
		};
/* End PBXNativeTarget section */

/* Begin PBXProject section */
		EEB4A3BD14EC190800F3BCBE /* Project object */ = {
			isa = PBXProject;
			attributes = {
				LastUpgradeCheck = 0420;
				ORGANIZATIONNAME = ECE;
			};
			buildConfigurationList = EEB4A3C014EC190800F3BCBE /* Build configuration list for PBXProject "ispark" */;
			compatibilityVersion = "Xcode 3.2";
			developmentRegion = English;
			hasScannedForEncodings = 0;
			knownRegions = (
				en,
			);
			mainGroup = EEB4A3BB14EC190800F3BCBE;
			productRefGroup = EEB4A3C714EC190900F3BCBE /* Products */;
			projectDirPath = "";
			projectRoot = "";
			targets = (
				EEB4A3C514EC190800F3BCBE /* ispark */,
			);
		};
/* End PBXProject section */

/* Begin PBXResourcesBuildPhase section */
		EEB4A3C414EC190800F3BCBE /* Resources */ = {
			isa = PBXResourcesBuildPhase;
			buildActionMask = 2147483647;
			files = (
				EEB4A3D514EC190900F3BCBE /* InfoPlist.strings in Resources */,
				EE3B8B8114EDDB130056B611 /* Liste_Park.xib in Resources */,
				EE3B8B8614EE42170056B611 /* Liste_Reservation.xib in Resources */,
				EE3B8B8E14EE42AA0056B611 /* Info_Parking.xib in Resources */,
				EE3B8B9314EE53390056B611 /* Info_Reservation.xib in Resources */,
				EE61768214F502CE00372C72 /* barre_bas.png in Resources */,
				EE61768314F502CE00372C72 /* barre_haut.png in Resources */,
				EE61768414F502CE00372C72 /* fd_progress_bar.png in Resources */,
				EE61768514F502CE00372C72 /* carte_partking.png in Resources */,
				EE61768614F502CE00372C72 /* cellule.png in Resources */,
				EE61768714F502CE00372C72 /* icone_carte_off.png in Resources */,
				EE61768814F502CE00372C72 /* icone_carte_on.png in Resources */,
				EE61768914F502CE00372C72 /* icone_compte_off.png in Resources */,
				EE61768A14F502CE00372C72 /* icone_compte_on.png in Resources */,
				EE61768B14F502CE00372C72 /* icone_historique_off.png in Resources */,
				EE61768C14F502CE00372C72 /* icone_historique_on.png in Resources */,
				EE61768D14F502CE00372C72 /* icone_parkings_off.png in Resources */,
				EE61768E14F502CE00372C72 /* icone_parkings_on.png in Resources */,
				EE61768F14F502CE00372C72 /* liste_parking.png in Resources */,
				EE61769014F502CE00372C72 /* validation.png in Resources */,
				EE61769114F502CE00372C72 /* Codes Couleur et Polices Utilisées.docx in Resources */,
				EE61769214F502CE00372C72 /* 01-accueil.png in Resources */,
				EE61769314F502CE00372C72 /* 02-inscription.png in Resources */,
				EE61769414F502CE00372C72 /* 03-liste_parking.png in Resources */,
				EE61769514F502CE00372C72 /* 04-informations.png in Resources */,
				EE61769614F502CE00372C72 /* 05-Liste_reservation.png in Resources */,
				EE61769714F502CE00372C72 /* 06-liste_historique.png in Resources */,
				EE61769814F502CE00372C72 /* 07-resa_ticket.png in Resources */,
				EE61769914F502CE00372C72 /* icone.psd in Resources */,
				EE61769A14F502CE00372C72 /* fond.png in Resources */,
				EE61769B14F502CE00372C72 /* fond02.png in Resources */,
				EE61769C14F502CE00372C72 /* fond_accueil.png in Resources */,
				EE61769D14F502CE00372C72 /* fond_supp.png in Resources */,
				EE61769E14F502CE00372C72 /* icone.png in Resources */,
				EE61769F14F502CE00372C72 /* logo_ispark.png in Resources */,
				EE6176A014F502CE00372C72 /* 01-accueil.psd in Resources */,
				EE6176A114F502CE00372C72 /* 02-inscription.psd in Resources */,
				EE6176A214F502CE00372C72 /* 03-liste_parking.psd in Resources */,
				EE6176A314F502CE00372C72 /* 04-informations.psd in Resources */,
				EE6176A414F502CE00372C72 /* 05-Liste_reservation.psd in Resources */,
				EE6176A514F502CE00372C72 /* 06-liste_historique.psd in Resources */,
				EE6176A614F502CE00372C72 /* 07-resa_ticket.psd in Resources */,
				EE6176A714F502CE00372C72 /* age.png in Resources */,
				EE6176A814F502CE00372C72 /* email.png in Resources */,
				EE6176A914F502CE00372C72 /* femme.png in Resources */,
				EE6176AA14F502CE00372C72 /* homme.png in Resources */,
				EE6176AB14F502CE00372C72 /* nom.png in Resources */,
				EE6176AC14F502CE00372C72 /* prenom.png in Resources */,
				EE6176AD14F502CE00372C72 /* Soyez_sur.png in Resources */,
				EE6176C014F50FFC00372C72 /* icone.png in Resources */,
				EEED3A0114FAD08600285605 /* ParkingMap.xib in Resources */,
				EEA9C349151B9F6B0065BD44 /* Espace_Payment.xib in Resources */,
				EEA22EB315252E6400B1FDA1 /* CellReservation.xib in Resources */,
				EEA22EB915253E9000B1FDA1 /* CellParking.xib in Resources */,
				EEC63CFE14B4647400206BE5 /* Login.xib in Resources */,
			);
			runOnlyForDeploymentPostprocessing = 0;
		};
/* End PBXResourcesBuildPhase section */

/* Begin PBXSourcesBuildPhase section */
		EEB4A3C214EC190800F3BCBE /* Sources */ = {
			isa = PBXSourcesBuildPhase;
			buildActionMask = 2147483647;
			files = (
				EEB4A3D714EC190900F3BCBE /* main.m in Sources */,
				EEB4A3DB14EC190900F3BCBE /* AppDelegate.m in Sources */,
				EEDAA12F14EDC21C002C2913 /* _Park.m in Sources */,
				EE3B8B8014EDDB130056B611 /* Liste_Park.m in Sources */,
				EE3B8B8514EE42170056B611 /* Liste_Reservation.m in Sources */,
				EE3B8B8914EE422E0056B611 /* _Reservations.m in Sources */,
				EE3B8B8D14EE42AA0056B611 /* Info_Parking.m in Sources */,
				EE3B8B9214EE53390056B611 /* Info_Reservation.m in Sources */,
				EE6176BA14F508C400372C72 /* AnnotationBonPlan.m in Sources */,
				EEED3A0014FAD08600285605 /* ParkingMap.m in Sources */,
				EEA9C348151B9F6B0065BD44 /* Espace_Payment.m in Sources */,
				EEA22EB115252E4F00B1FDA1 /* CellReservation.m in Sources */,
				EEA22EBC15253EA400B1FDA1 /* CellParking.m in Sources */,
				EEC63CF814B45B4D00206BE5 /* _Utillisateur.m in Sources */,
				EEC63CFD14B4647400206BE5 /* Login.m in Sources */,
			);
			runOnlyForDeploymentPostprocessing = 0;
		};
/* End PBXSourcesBuildPhase section */

/* Begin PBXVariantGroup section */
		EEB4A3D314EC190900F3BCBE /* InfoPlist.strings */ = {
			isa = PBXVariantGroup;
			children = (
				EEB4A3D414EC190900F3BCBE /* en */,
			);
			name = InfoPlist.strings;
			sourceTree = "<group>";
		};
/* End PBXVariantGroup section */

/* Begin XCBuildConfiguration section */
		EEB4A3E214EC190900F3BCBE /* Debug */ = {
			isa = XCBuildConfiguration;
			buildSettings = {
				ALWAYS_SEARCH_USER_PATHS = NO;
				ARCHS = "$(ARCHS_STANDARD_32_BIT)";
				CODE_SIGN_IDENTITY = "";
				"CODE_SIGN_IDENTITY[sdk=iphoneos*]" = "iPhone Developer";
				COPY_PHASE_STRIP = NO;
				GCC_C_LANGUAGE_STANDARD = gnu99;
				GCC_DYNAMIC_NO_PIC = NO;
				GCC_OPTIMIZATION_LEVEL = 0;
				GCC_PREPROCESSOR_DEFINITIONS = (
					"DEBUG=1",
					"$(inherited)",
				);
				GCC_SYMBOLS_PRIVATE_EXTERN = NO;
				GCC_VERSION = com.apple.compilers.llvm.clang.1_0;
				GCC_WARN_ABOUT_MISSING_PROTOTYPES = YES;
				GCC_WARN_ABOUT_RETURN_TYPE = YES;
				GCC_WARN_UNUSED_VARIABLE = YES;
				IPHONEOS_DEPLOYMENT_TARGET = 3.2;
				SDKROOT = iphoneos;
			};
			name = Debug;
		};
		EEB4A3E314EC190900F3BCBE /* Release */ = {
			isa = XCBuildConfiguration;
			buildSettings = {
				ALWAYS_SEARCH_USER_PATHS = NO;
				ARCHS = "$(ARCHS_STANDARD_32_BIT)";
				CODE_SIGN_IDENTITY = "";
				"CODE_SIGN_IDENTITY[sdk=iphoneos*]" = "iPhone Developer";
				COPY_PHASE_STRIP = YES;
				GCC_C_LANGUAGE_STANDARD = gnu99;
				GCC_VERSION = com.apple.compilers.llvm.clang.1_0;
				GCC_WARN_ABOUT_MISSING_PROTOTYPES = YES;
				GCC_WARN_ABOUT_RETURN_TYPE = YES;
				GCC_WARN_UNUSED_VARIABLE = YES;
				IPHONEOS_DEPLOYMENT_TARGET = 3.2;
				OTHER_CFLAGS = "-DNS_BLOCK_ASSERTIONS=1";
				SDKROOT = iphoneos;
				VALIDATE_PRODUCT = YES;
			};
			name = Release;
		};
		EEB4A3E514EC190900F3BCBE /* Debug */ = {
			isa = XCBuildConfiguration;
			buildSettings = {
				GCC_PRECOMPILE_PREFIX_HEADER = YES;
				GCC_PREFIX_HEADER = "ispark/ispark-Prefix.pch";
				INFOPLIST_FILE = "ispark/ispark-Info.plist";
				LIBRARY_SEARCH_PATHS = (
					"$(inherited)",
					"\"$(SRCROOT)/../../../../Ispark/Ispark/FlurryAnalytics\"",
					"\"$(SRCROOT)/../../../../Ispark/Ispark/FlurryAppCircle\"",
				);
				PRODUCT_NAME = "$(TARGET_NAME)";
				WRAPPER_EXTENSION = app;
			};
			name = Debug;
		};
		EEB4A3E614EC190900F3BCBE /* Release */ = {
			isa = XCBuildConfiguration;
			buildSettings = {
				GCC_PRECOMPILE_PREFIX_HEADER = YES;
				GCC_PREFIX_HEADER = "ispark/ispark-Prefix.pch";
				INFOPLIST_FILE = "ispark/ispark-Info.plist";
				LIBRARY_SEARCH_PATHS = (
					"$(inherited)",
					"\"$(SRCROOT)/../../../../Ispark/Ispark/FlurryAnalytics\"",
					"\"$(SRCROOT)/../../../../Ispark/Ispark/FlurryAppCircle\"",
				);
				PRODUCT_NAME = "$(TARGET_NAME)";
				WRAPPER_EXTENSION = app;
			};
			name = Release;
		};
/* End XCBuildConfiguration section */

/* Begin XCConfigurationList section */
		EEB4A3C014EC190800F3BCBE /* Build configuration list for PBXProject "ispark" */ = {
			isa = XCConfigurationList;
			buildConfigurations = (
				EEB4A3E214EC190900F3BCBE /* Debug */,
				EEB4A3E314EC190900F3BCBE /* Release */,
			);
			defaultConfigurationIsVisible = 0;
			defaultConfigurationName = Release;
		};
		EEB4A3E414EC190900F3BCBE /* Build configuration list for PBXNativeTarget "ispark" */ = {
			isa = XCConfigurationList;
			buildConfigurations = (
				EEB4A3E514EC190900F3BCBE /* Debug */,
				EEB4A3E614EC190900F3BCBE /* Release */,
			);
			defaultConfigurationIsVisible = 0;
			defaultConfigurationName = Release;
		};
/* End XCConfigurationList section */
	};
	rootObject = EEB4A3BD14EC190800F3BCBE /* Project object */;
}
